<?xml version="1.0" encoding="UTF-8" standalone="yes" ?>
<CodeBlocks_project_file>
	<FileVersion major="1" minor="6" />
	<Project>
		<Option title="lesson3" />
		<Option pch_mode="2" />
		<Option compiler="gcc" />
		<Build>
			<Target title="Win32 Release">
				<Option output="lesson3" prefix_auto="1" extension_auto="1" />
				<Option object_output="obj/Release" />
				<Option type="0" />
				<Option compiler="gcc" />
				<Compiler>
					<Add option="-O2" />
					<Add option="-m32" />
				</Compiler>
				<Linker>
					<Add option="-s" />
					<Add option="-static" />
					<Add option="-m32" />
				</Linker>
			</Target>
			<Target title="Win32 Debug">
				<Option output="lesson3" prefix_auto="1" extension_auto="1" />
				<Option object_output="obj/Debug" />
				<Option type="0" />
				<Option compiler="gcc" />
				<Compiler>
					<Add option="-m32" />
					<Add option="-Og" />
					<Add option="-g" />
				</Compiler>
				<Linker>
					<Add option="-static" />
					<Add option="-m32" />
				</Linker>
			</Target>
		</Build>
		<Compiler>
			<Add directory="../common/include" />
		</Compiler>
		<Linker>
			<Add library="glfw3" />
			<Add library="opengl32" />
			<Add library="glu32" />
			<Add directory="../common/lib/GLFW/lib-mingw" />
		</Linker>
		<Unit filename="lesson3.cpp" />
		<Extensions>
			<code_completion />
			<envvars />
			<debugger />
		</Extensions>
	</Project>
</CodeBlocks_project_file>
